
Microsoft Visual Studio Solution File, Format Version 12.00
# Visual Studio Version 17
VisualStudioVersion = 17.0.32112.339
MinimumVisualStudioVersion = 10.0.40219.1
Project("{FAE04EC0-301F-11D3-BF4B-00C04F79EFBC}") = "FinalProject", "FinalProject\FinalProject.csproj", "{1B264089-E4E9-4091-A271-4164A7E9AE3B}"
EndProject
Global
	GlobalSection(SolutionConfigurationPlatforms) = preSolution
		Debug|Any CPU = Debug|Any CPU
		Release|Any CPU = Release|Any CPU
	EndGlobalSection
	GlobalSection(ProjectConfigurationPlatforms) = postSolution
		{1B264089-E4E9-4091-A271-4164A7E9AE3B}.Debug|Any CPU.ActiveCfg = Debug|Any CPU
		{1B264089-E4E9-4091-A271-4164A7E9AE3B}.Debug|Any CPU.Build.0 = Debug|Any CPU
		{1B264089-E4E9-4091-A271-4164A7E9AE3B}.Release|Any CPU.ActiveCfg = Release|Any CPU
		{1B264089-E4E9-4091-A271-4164A7E9AE3B}.Release|Any CPU.Build.0 = Release|Any CPU
	EndGlobalSection
	GlobalSection(SolutionProperties) = preSolution
		HideSolutionNode = FALSE
	EndGlobalSection
	GlobalSection(ExtensibilityGlobals) = postSolution
		SolutionGuid = {C081A836-3C1F-4157-9439-E12DF522A0F8}
	EndGlobalSection
EndGlobal
